
Microsoft Visual Studio Solution File, Format Version 12.00
# Visual Studio Version 16
VisualStudioVersion = 16.0.30011.22
MinimumVisualStudioVersion = 10.0.40219.1
Project("{9A19103F-16F7-4668-BE54-9A1E7A4F7556}") = "Common.Utility", "Common.Utility\Common.Utility.csproj", "{67A7E6EE-2C31-481B-AD7B-2933E7CB1886}"
EndProject
Project("{2150E333-8FDC-42A3-9474-1A3956D46DE8}") = "二维码带文字", "二维码带文字", "{5BF91C7A-D625-4310-AD0E-54CD45201471}"
EndProject
Project("{9A19103F-16F7-4668-BE54-9A1E7A4F7556}") = "QRCodeHelper", "QRCodeHelper\QRCodeHelper.csproj", "{704C3286-500D-4505-BFD5-2505A992BF43}"
EndProject
Project("{2150E333-8FDC-42A3-9474-1A3956D46DE8}") = "各种验证帮助类", "各种验证帮助类", "{109681D8-5F29-4206-934E-FE0C0E0AC6AC}"
EndProject
Project("{9A19103F-16F7-4668-BE54-9A1E7A4F7556}") = "ValidatorHelper", "ValidatorHelper\ValidatorHelper.csproj", "{B1954E85-7F0E-4E6D-BD60-504238750101}"
EndProject
Project("{2150E333-8FDC-42A3-9474-1A3956D46DE8}") = "日历", "日历", "{57EF3A37-3076-4217-8393-6D5D88D01120}"
EndProject
Project("{9A19103F-16F7-4668-BE54-9A1E7A4F7556}") = "CNDate", "CNDate\CNDate.csproj", "{0EFF4F4A-89CD-4196-9AE3-52235FD79E9A}"
EndProject
Project("{2150E333-8FDC-42A3-9474-1A3956D46DE8}") = "阿里云短信回执消息队列", "阿里云短信回执消息队列", "{68BE5012-5B6D-4FC8-B709-82CCA6C19CA9}"
EndProject
Project("{FAE04EC0-301F-11D3-BF4B-00C04F79EFBC}") = "AliyunMns", "AliyunMns\AliyunMns.csproj", "{8EC027BE-64E4-4FB6-82C9-423DAF40FF48}"
EndProject
Project("{2150E333-8FDC-42A3-9474-1A3956D46DE8}") = "判断时间在某个时间段内(排班)", "判断时间在某个时间段内(排班)", "{9CCC22A0-26B7-4772-A368-942CCDFAA879}"
EndProject
Project("{9A19103F-16F7-4668-BE54-9A1E7A4F7556}") = "TimeEval", "TimeEval\TimeEval.csproj", "{3E9D30E6-A7F9-4124-B80F-D0176528A741}"
EndProject
Project("{2150E333-8FDC-42A3-9474-1A3956D46DE8}") = "拼音转换", "拼音转换", "{1E85CB21-65BF-4CB9-AF5B-AEEFD1D89651}"
EndProject
Project("{FAE04EC0-301F-11D3-BF4B-00C04F79EFBC}") = "Pinyin4Net", "Pinyin4Net\Pinyin4Net.csproj", "{96B5629A-51C2-4211-90B3-FDF58E99458F}"
EndProject
Global
	GlobalSection(SolutionConfigurationPlatforms) = preSolution
		Debug|Any CPU = Debug|Any CPU
		Release|Any CPU = Release|Any CPU
	EndGlobalSection
	GlobalSection(ProjectConfigurationPlatforms) = postSolution
		{67A7E6EE-2C31-481B-AD7B-2933E7CB1886}.Debug|Any CPU.ActiveCfg = Debug|Any CPU
		{67A7E6EE-2C31-481B-AD7B-2933E7CB1886}.Debug|Any CPU.Build.0 = Debug|Any CPU
		{67A7E6EE-2C31-481B-AD7B-2933E7CB1886}.Release|Any CPU.ActiveCfg = Release|Any CPU
		{67A7E6EE-2C31-481B-AD7B-2933E7CB1886}.Release|Any CPU.Build.0 = Release|Any CPU
		{704C3286-500D-4505-BFD5-2505A992BF43}.Debug|Any CPU.ActiveCfg = Debug|Any CPU
		{704C3286-500D-4505-BFD5-2505A992BF43}.Debug|Any CPU.Build.0 = Debug|Any CPU
		{704C3286-500D-4505-BFD5-2505A992BF43}.Release|Any CPU.ActiveCfg = Release|Any CPU
		{704C3286-500D-4505-BFD5-2505A992BF43}.Release|Any CPU.Build.0 = Release|Any CPU
		{B1954E85-7F0E-4E6D-BD60-504238750101}.Debug|Any CPU.ActiveCfg = Debug|Any CPU
		{B1954E85-7F0E-4E6D-BD60-504238750101}.Debug|Any CPU.Build.0 = Debug|Any CPU
		{B1954E85-7F0E-4E6D-BD60-504238750101}.Release|Any CPU.ActiveCfg = Release|Any CPU
		{B1954E85-7F0E-4E6D-BD60-504238750101}.Release|Any CPU.Build.0 = Release|Any CPU
		{0EFF4F4A-89CD-4196-9AE3-52235FD79E9A}.Debug|Any CPU.ActiveCfg = Debug|Any CPU
		{0EFF4F4A-89CD-4196-9AE3-52235FD79E9A}.Debug|Any CPU.Build.0 = Debug|Any CPU
		{0EFF4F4A-89CD-4196-9AE3-52235FD79E9A}.Release|Any CPU.ActiveCfg = Release|Any CPU
		{0EFF4F4A-89CD-4196-9AE3-52235FD79E9A}.Release|Any CPU.Build.0 = Release|Any CPU
		{8EC027BE-64E4-4FB6-82C9-423DAF40FF48}.Debug|Any CPU.ActiveCfg = Debug|Any CPU
		{8EC027BE-64E4-4FB6-82C9-423DAF40FF48}.Debug|Any CPU.Build.0 = Debug|Any CPU
		{8EC027BE-64E4-4FB6-82C9-423DAF40FF48}.Release|Any CPU.ActiveCfg = Release|Any CPU
		{8EC027BE-64E4-4FB6-82C9-423DAF40FF48}.Release|Any CPU.Build.0 = Release|Any CPU
		{3E9D30E6-A7F9-4124-B80F-D0176528A741}.Debug|Any CPU.ActiveCfg = Debug|Any CPU
		{3E9D30E6-A7F9-4124-B80F-D0176528A741}.Debug|Any CPU.Build.0 = Debug|Any CPU
		{3E9D30E6-A7F9-4124-B80F-D0176528A741}.Release|Any CPU.ActiveCfg = Release|Any CPU
		{3E9D30E6-A7F9-4124-B80F-D0176528A741}.Release|Any CPU.Build.0 = Release|Any CPU
		{96B5629A-51C2-4211-90B3-FDF58E99458F}.Debug|Any CPU.ActiveCfg = Debug|Any CPU
		{96B5629A-51C2-4211-90B3-FDF58E99458F}.Debug|Any CPU.Build.0 = Debug|Any CPU
		{96B5629A-51C2-4211-90B3-FDF58E99458F}.Release|Any CPU.ActiveCfg = Release|Any CPU
		{96B5629A-51C2-4211-90B3-FDF58E99458F}.Release|Any CPU.Build.0 = Release|Any CPU
	EndGlobalSection
	GlobalSection(SolutionProperties) = preSolution
		HideSolutionNode = FALSE
	EndGlobalSection
	GlobalSection(NestedProjects) = preSolution
		{704C3286-500D-4505-BFD5-2505A992BF43} = {5BF91C7A-D625-4310-AD0E-54CD45201471}
		{B1954E85-7F0E-4E6D-BD60-504238750101} = {109681D8-5F29-4206-934E-FE0C0E0AC6AC}
		{0EFF4F4A-89CD-4196-9AE3-52235FD79E9A} = {57EF3A37-3076-4217-8393-6D5D88D01120}
		{8EC027BE-64E4-4FB6-82C9-423DAF40FF48} = {68BE5012-5B6D-4FC8-B709-82CCA6C19CA9}
		{3E9D30E6-A7F9-4124-B80F-D0176528A741} = {9CCC22A0-26B7-4772-A368-942CCDFAA879}
		{96B5629A-51C2-4211-90B3-FDF58E99458F} = {1E85CB21-65BF-4CB9-AF5B-AEEFD1D89651}
	EndGlobalSection
	GlobalSection(ExtensibilityGlobals) = postSolution
		SolutionGuid = {AF7F0066-F0B7-4D88-9C1D-CA39ADAA4830}
	EndGlobalSection
EndGlobal
